
Microsoft Visual Studio Solution File, Format Version 12.00
# Visual Studio Version 16
VisualStudioVersion = 16.0.29503.13
MinimumVisualStudioVersion = 10.0.40219.1
Project("{9A19103F-16F7-4668-BE54-9A1E7A4F7556}") = "bookmark creator4jPDF", "bookmark creator4jPDF\bookmark creator4jPDF.csproj", "{A5AAABA7-6AF6-4F4F-A939-DD3D073FD45C}"
EndProject
Project("{9A19103F-16F7-4668-BE54-9A1E7A4F7556}") = "bookmark creator4jPDF (CLI)", "bookmark creator4jPDF (CLI)\bookmark creator4jPDF (CLI).csproj", "{9A0F905F-CFEC-4FEA-BBF5-AEF6C75D72A2}"
EndProject
Global
	GlobalSection(SolutionConfigurationPlatforms) = preSolution
		Debug|Any CPU = Debug|Any CPU
		Release|Any CPU = Release|Any CPU
	EndGlobalSection
	GlobalSection(ProjectConfigurationPlatforms) = postSolution
		{A5AAABA7-6AF6-4F4F-A939-DD3D073FD45C}.Debug|Any CPU.ActiveCfg = Debug|Any CPU
		{A5AAABA7-6AF6-4F4F-A939-DD3D073FD45C}.Debug|Any CPU.Build.0 = Debug|Any CPU
		{A5AAABA7-6AF6-4F4F-A939-DD3D073FD45C}.Release|Any CPU.ActiveCfg = Release|Any CPU
		{A5AAABA7-6AF6-4F4F-A939-DD3D073FD45C}.Release|Any CPU.Build.0 = Release|Any CPU
		{9A0F905F-CFEC-4FEA-BBF5-AEF6C75D72A2}.Debug|Any CPU.ActiveCfg = Debug|Any CPU
		{9A0F905F-CFEC-4FEA-BBF5-AEF6C75D72A2}.Debug|Any CPU.Build.0 = Debug|Any CPU
		{9A0F905F-CFEC-4FEA-BBF5-AEF6C75D72A2}.Release|Any CPU.ActiveCfg = Release|Any CPU
		{9A0F905F-CFEC-4FEA-BBF5-AEF6C75D72A2}.Release|Any CPU.Build.0 = Release|Any CPU
	EndGlobalSection
	GlobalSection(SolutionProperties) = preSolution
		HideSolutionNode = FALSE
	EndGlobalSection
	GlobalSection(ExtensibilityGlobals) = postSolution
		SolutionGuid = {D66A18D0-11E2-4C59-91FE-4F960CE62DA2}
	EndGlobalSection
EndGlobal
